// !$*UTF8*$!
{
	archiveVersion = 1;
	classes = {
	};
	objectVersion = 56;
	objects = {

/* Begin PBXBuildFile section */
		C78AE9E32FA3C12D00948EB1 /* AppDelegate.swift in Sources */ = {isa = PBXBuildFile; fileRef = C78AE9E22FA3C12D00948EB1 /* AppDelegate.swift */; };
		C78AE9E52FA3C12D00948EB1 /* SceneDelegate.swift in Sources */ = {isa = PBXBuildFile; fileRef = C78AE9E42FA3C12D00948EB1 /* SceneDelegate.swift */; };
		C78AE9E72FA3C12D00948EB1 /* ViewController.swift in Sources */ = {isa = PBXBuildFile; fileRef = C78AE9E62FA3C12D00948EB1 /* ViewController.swift */; };
		C78AE9EA2FA3C12D00948EB1 /* Base in Resources */ = {isa = PBXBuildFile; fileRef = C78AE9E92FA3C12D00948EB1 /* Base */; };
		C78AE9EC2FA3C12F00948EB1 /* Assets.xcassets in Resources */ = {isa = PBXBuildFile; fileRef = C78AE9EB2FA3C12F00948EB1 /* Assets.xcassets */; };
		C78AE9EF2FA3C12F00948EB1 /* Base in Resources */ = {isa = PBXBuildFile; fileRef = C78AE9EE2FA3C12F00948EB1 /* Base */; };
		C78AE9F82FA3C49A00948EB1 /* CatBreed.swift in Sources */ = {isa = PBXBuildFile; fileRef = C78AE9F72FA3C49A00948EB1 /* CatBreed.swift */; };
		C78AE9FA2FA3C86D00948EB1 /* CatImage.swift in Sources */ = {isa = PBXBuildFile; fileRef = C78AE9F92FA3C86D00948EB1 /* CatImage.swift */; };
		C78AE9FD2FA3C8BB00948EB1 /* CatAPIService.swift in Sources */ = {isa = PBXBuildFile; fileRef = C78AE9FC2FA3C8BB00948EB1 /* CatAPIService.swift */; };
		C78AEA002FA3C9FA00948EB1 /* ImageCollectionViewCell.swift in Sources */ = {isa = PBXBuildFile; fileRef = C78AE9FF2FA3C9FA00948EB1 /* ImageCollectionViewCell.swift */; };
		C78AEA022FA3CA7400948EB1 /* BreedSelectionViewController.swift in Sources */ = {isa = PBXBuildFile; fileRef = C78AEA012FA3CA7400948EB1 /* BreedSelectionViewController.swift */; };
/* End PBXBuildFile section */

/* Begin PBXFileReference section */
		C78AE9DF2FA3C12D00948EB1 /* The-Cat-App.app */ = {isa = PBXFileReference; explicitFileType = wrapper.application; includeInIndex = 0; path = "The-Cat-App.app"; sourceTree = BUILT_PRODUCTS_DIR; };
		C78AE9E22FA3C12D00948EB1 /* AppDelegate.swift */ = {isa = PBXFileReference; lastKnownFileType = sourcecode.swift; path = AppDelegate.swift; sourceTree = "<group>"; };
		C78AE9E42FA3C12D00948EB1 /* SceneDelegate.swift */ = {isa = PBXFileReference; lastKnownFileType = sourcecode.swift; path = SceneDelegate.swift; sourceTree = "<group>"; };
		C78AE9E62FA3C12D00948EB1 /* ViewController.swift */ = {isa = PBXFileReference; lastKnownFileType = sourcecode.swift; path = ViewController.swift; sourceTree = "<group>"; };
		C78AE9E92FA3C12D00948EB1 /* Base */ = {isa = PBXFileReference; lastKnownFileType = file.storyboard; name = Base; path = Base.lproj/Main.storyboard; sourceTree = "<group>"; };
		C78AE9EB2FA3C12F00948EB1 /* Assets.xcassets */ = {isa = PBXFileReference; lastKnownFileType = folder.assetcatalog; path = Assets.xcassets; sourceTree = "<group>"; };
		C78AE9EE2FA3C12F00948EB1 /* Base */ = {isa = PBXFileReference; lastKnownFileType = file.storyboard; name = Base; path = Base.lproj/LaunchScreen.storyboard; sourceTree = "<group>"; };
		C78AE9F02FA3C12F00948EB1 /* Info.plist */ = {isa = PBXFileReference; lastKnownFileType = text.plist.xml; path = Info.plist; sourceTree = "<group>"; };
		C78AE9F72FA3C49A00948EB1 /* CatBreed.swift */ = {isa = PBXFileReference; lastKnownFileType = sourcecode.swift; path = CatBreed.swift; sourceTree = "<group>"; };
		C78AE9F92FA3C86D00948EB1 /* CatImage.swift */ = {isa = PBXFileReference; lastKnownFileType = sourcecode.swift; path = CatImage.swift; sourceTree = "<group>"; };
		C78AE9FC2FA3C8BB00948EB1 /* CatAPIService.swift */ = {isa = PBXFileReference; lastKnownFileType = sourcecode.swift; path = CatAPIService.swift; sourceTree = "<group>"; };
		C78AE9FF2FA3C9FA00948EB1 /* ImageCollectionViewCell.swift */ = {isa = PBXFileReference; lastKnownFileType = sourcecode.swift; path = ImageCollectionViewCell.swift; sourceTree = "<group>"; };
		C78AEA012FA3CA7400948EB1 /* BreedSelectionViewController.swift */ = {isa = PBXFileReference; lastKnownFileType = sourcecode.swift; path = BreedSelectionViewController.swift; sourceTree = "<group>"; };
/* End PBXFileReference section */

/* Begin PBXFrameworksBuildPhase section */
		C78AE9DC2FA3C12D00948EB1 /* Frameworks */ = {
			isa = PBXFrameworksBuildPhase;
			buildActionMask = 2147483647;
			files = (
			);
			runOnlyForDeploymentPostprocessing = 0;
		};
/* End PBXFrameworksBuildPhase section */

/* Begin PBXGroup section */
		C78AE9D62FA3C12D00948EB1 = {
			isa = PBXGroup;
			children = (
				C78AE9E12FA3C12D00948EB1 /* The-Cat-App */,
				C78AE9E02FA3C12D00948EB1 /* Products */,
			);
			sourceTree = "<group>";
		};
		C78AE9E02FA3C12D00948EB1 /* Products */ = {
			isa = PBXGroup;
			children = (
				C78AE9DF2FA3C12D00948EB1 /* The-Cat-App.app */,
			);
			name = Products;
			sourceTree = "<group>";
		};
		C78AE9E12FA3C12D00948EB1 /* The-Cat-App */ = {
			isa = PBXGroup;
			children = (
				C78AE9FE2FA3C9DF00948EB1 /* Views */,
				C78AE9FB2FA3C8A900948EB1 /* API */,
				C78AE9F62FA3C47C00948EB1 /* Models */,
				C78AE9E22FA3C12D00948EB1 /* AppDelegate.swift */,
				C78AE9E42FA3C12D00948EB1 /* SceneDelegate.swift */,
				C78AE9E62FA3C12D00948EB1 /* ViewController.swift */,
				C78AE9E82FA3C12D00948EB1 /* Main.storyboard */,
				C78AE9EB2FA3C12F00948EB1 /* Assets.xcassets */,
				C78AE9ED2FA3C12F00948EB1 /* LaunchScreen.storyboard */,
				C78AE9F02FA3C12F00948EB1 /* Info.plist */,
				C78AEA012FA3CA7400948EB1 /* BreedSelectionViewController.swift */,
			);
			path = "The-Cat-App";
			sourceTree = "<group>";
		};
		C78AE9F62FA3C47C00948EB1 /* Models */ = {
			isa = PBXGroup;
			children = (
				C78AE9F72FA3C49A00948EB1 /* CatBreed.swift */,
				C78AE9F92FA3C86D00948EB1 /* CatImage.swift */,
			);
			path = Models;
			sourceTree = "<group>";
		};
		C78AE9FB2FA3C8A900948EB1 /* API */ = {
			isa = PBXGroup;
			children = (
				C78AE9FC2FA3C8BB00948EB1 /* CatAPIService.swift */,
			);
			path = API;
			sourceTree = "<group>";
		};
		C78AE9FE2FA3C9DF00948EB1 /* Views */ = {
			isa = PBXGroup;
			children = (
				C78AE9FF2FA3C9FA00948EB1 /* ImageCollectionViewCell.swift */,
			);
			path = Views;
			sourceTree = "<group>";
		};
/* End PBXGroup section */

/* Begin PBXNativeTarget section */
		C78AE9DE2FA3C12D00948EB1 /* The-Cat-App */ = {
			isa = PBXNativeTarget;
			buildConfigurationList = C78AE9F32FA3C12F00948EB1 /* Build configuration list for PBXNativeTarget "The-Cat-App" */;
			buildPhases = (
				C78AE9DB2FA3C12D00948EB1 /* Sources */,
				C78AE9DC2FA3C12D00948EB1 /* Frameworks */,
				C78AE9DD2FA3C12D00948EB1 /* Resources */,
			);
			buildRules = (
			);
			dependencies = (
			);
			name = "The-Cat-App";
			productName = "The-Cat-App";
			productReference = C78AE9DF2FA3C12D00948EB1 /* The-Cat-App.app */;
			productType = "com.apple.product-type.application";
		};
/* End PBXNativeTarget section */

/* Begin PBXProject section */
		C78AE9D72FA3C12D00948EB1 /* Project object */ = {
			isa = PBXProject;
			attributes = {
				BuildIndependentTargetsInParallel = 1;
				LastSwiftUpdateCheck = 1540;
				LastUpgradeCheck = 1540;
				TargetAttributes = {
					C78AE9DE2FA3C12D00948EB1 = {
						CreatedOnToolsVersion = 15.4;
					};
				};
			};
			buildConfigurationList = C78AE9DA2FA3C12D00948EB1 /* Build configuration list for PBXProject "The-Cat-App" */;
			compatibilityVersion = "Xcode 14.0";
			developmentRegion = en;
			hasScannedForEncodings = 0;
			knownRegions = (
				en,
				Base,
			);
			mainGroup = C78AE9D62FA3C12D00948EB1;
			productRefGroup = C78AE9E02FA3C12D00948EB1 /* Products */;
			projectDirPath = "";
			projectRoot = "";
			targets = (
				C78AE9DE2FA3C12D00948EB1 /* The-Cat-App */,
			);
		};
/* End PBXProject section */

/* Begin PBXResourcesBuildPhase section */
		C78AE9DD2FA3C12D00948EB1 /* Resources */ = {
			isa = PBXResourcesBuildPhase;
			buildActionMask = 2147483647;
			files = (
				C78AE9EC2FA3C12F00948EB1 /* Assets.xcassets in Resources */,
				C78AE9EF2FA3C12F00948EB1 /* Base in Resources */,
				C78AE9EA2FA3C12D00948EB1 /* Base in Resources */,
			);
			runOnlyForDeploymentPostprocessing = 0;
		};
/* End PBXResourcesBuildPhase section */

/* Begin PBXSourcesBuildPhase section */
		C78AE9DB2FA3C12D00948EB1 /* Sources */ = {
			isa = PBXSourcesBuildPhase;
			buildActionMask = 2147483647;
			files = (
				C78AE9E72FA3C12D00948EB1 /* ViewController.swift in Sources */,
				C78AE9FD2FA3C8BB00948EB1 /* CatAPIService.swift in Sources */,
				C78AE9E32FA3C12D00948EB1 /* AppDelegate.swift in Sources */,
				C78AEA002FA3C9FA00948EB1 /* ImageCollectionViewCell.swift in Sources */,
				C78AEA022FA3CA7400948EB1 /* BreedSelectionViewController.swift in Sources */,
				C78AE9E52FA3C12D00948EB1 /* SceneDelegate.swift in Sources */,
				C78AE9F82FA3C49A00948EB1 /* CatBreed.swift in Sources */,
				C78AE9FA2FA3C86D00948EB1 /* CatImage.swift in Sources */,
			);
			runOnlyForDeploymentPostprocessing = 0;
		};
/* End PBXSourcesBuildPhase section */

/* Begin PBXVariantGroup section */
		C78AE9E82FA3C12D00948EB1 /* Main.storyboard */ = {
			isa = PBXVariantGroup;
			children = (
				C78AE9E92FA3C12D00948EB1 /* Base */,
			);
			name = Main.storyboard;
			sourceTree = "<group>";
		};
		C78AE9ED2FA3C12F00948EB1 /* LaunchScreen.storyboard */ = {
			isa = PBXVariantGroup;
			children = (
				C78AE9EE2FA3C12F00948EB1 /* Base */,
			);
			name = LaunchScreen.storyboard;
			sourceTree = "<group>";
		};
/* End PBXVariantGroup section */

/* Begin XCBuildConfiguration section */
		C78AE9F12FA3C12F00948EB1 /* Debug */ = {
			isa = XCBuildConfiguration;
			buildSettings = {
				ALWAYS_SEARCH_USER_PATHS = NO;
				ASSETCATALOG_COMPILER_GENERATE_SWIFT_ASSET_SYMBOL_EXTENSIONS = YES;
				CLANG_ANALYZER_NONNULL = YES;
				CLANG_ANALYZER_NUMBER_OBJECT_CONVERSION = YES_AGGRESSIVE;
				CLANG_CXX_LANGUAGE_STANDARD = "gnu++20";
				CLANG_ENABLE_MODULES = YES;
				CLANG_ENABLE_OBJC_ARC = YES;
				CLANG_ENABLE_OBJC_WEAK = YES;
				CLANG_WARN_BLOCK_CAPTURE_AUTORELEASING = YES;
				CLANG_WARN_BOOL_CONVERSION = YES;
				CLANG_WARN_COMMA = YES;
				CLANG_WARN_CONSTANT_CONVERSION = YES;
				CLANG_WARN_DEPRECATED_OBJC_IMPLEMENTATIONS = YES;
				CLANG_WARN_DIRECT_OBJC_ISA_USAGE = YES_ERROR;
				CLANG_WARN_DOCUMENTATION_COMMENTS = YES;
				CLANG_WARN_EMPTY_BODY = YES;
				CLANG_WARN_ENUM_CONVERSION = YES;
				CLANG_WARN_INFINITE_RECURSION = YES;
				CLANG_WARN_INT_CONVERSION = YES;
				CLANG_WARN_NON_LITERAL_NULL_CONVERSION = YES;
				CLANG_WARN_OBJC_IMPLICIT_RETAIN_SELF = YES;
				CLANG_WARN_OBJC_LITERAL_CONVERSION = YES;
				CLANG_WARN_OBJC_ROOT_CLASS = YES_ERROR;
				CLANG_WARN_QUOTED_INCLUDE_IN_FRAMEWORK_HEADER = YES;
				CLANG_WARN_RANGE_LOOP_ANALYSIS = YES;
				CLANG_WARN_STRICT_PROTOTYPES = YES;
				CLANG_WARN_SUSPICIOUS_MOVE = YES;
				CLANG_WARN_UNGUARDED_AVAILABILITY = YES_AGGRESSIVE;
				CLANG_WARN_UNREACHABLE_CODE = YES;
				CLANG_WARN__DUPLICATE_METHOD_MATCH = YES;
				COPY_PHASE_STRIP = NO;
				DEBUG_INFORMATION_FORMAT = dwarf;
				ENABLE_STRICT_OBJC_MSGSEND = YES;
				ENABLE_TESTABILITY = YES;
				ENABLE_USER_SCRIPT_SANDBOXING = YES;
				GCC_C_LANGUAGE_STANDARD = gnu17;
				GCC_DYNAMIC_NO_PIC = NO;
				GCC_NO_COMMON_BLOCKS = YES;
				GCC_OPTIMIZATION_LEVEL = 0;
				GCC_PREPROCESSOR_DEFINITIONS = (
					"DEBUG=1",
					"$(inherited)",
				);
				GCC_WARN_64_TO_32_BIT_CONVERSION = YES;
				GCC_WARN_ABOUT_RETURN_TYPE = YES_ERROR;
				GCC_WARN_UNDECLARED_SELECTOR = YES;
				GCC_WARN_UNINITIALIZED_AUTOS = YES_AGGRESSIVE;
				GCC_WARN_UNUSED_FUNCTION = YES;
				GCC_WARN_UNUSED_VARIABLE = YES;
				IPHONEOS_DEPLOYMENT_TARGET = 17.5;
				LOCALIZATION_PREFERS_STRING_CATALOGS = YES;
				MTL_ENABLE_DEBUG_INFO = INCLUDE_SOURCE;
				MTL_FAST_MATH = YES;
				ONLY_ACTIVE_ARCH = YES;
				SDKROOT = iphoneos;
				SWIFT_ACTIVE_COMPILATION_CONDITIONS = "DEBUG $(inherited)";
				SWIFT_OPTIMIZATION_LEVEL = "-Onone";
			};
			name = Debug;
		};
		C78AE9F22FA3C12F00948EB1 /* Release */ = {
			isa = XCBuildConfiguration;
			buildSettings = {
				ALWAYS_SEARCH_USER_PATHS = NO;
				ASSETCATALOG_COMPILER_GENERATE_SWIFT_ASSET_SYMBOL_EXTENSIONS = YES;
				CLANG_ANALYZER_NONNULL = YES;
				CLANG_ANALYZER_NUMBER_OBJECT_CONVERSION = YES_AGGRESSIVE;
				CLANG_CXX_LANGUAGE_STANDARD = "gnu++20";
				CLANG_ENABLE_MODULES = YES;
				CLANG_ENABLE_OBJC_ARC = YES;
				CLANG_ENABLE_OBJC_WEAK = YES;
				CLANG_WARN_BLOCK_CAPTURE_AUTORELEASING = YES;
				CLANG_WARN_BOOL_CONVERSION = YES;
				CLANG_WARN_COMMA = YES;
				CLANG_WARN_CONSTANT_CONVERSION = YES;
				CLANG_WARN_DEPRECATED_OBJC_IMPLEMENTATIONS = YES;
				CLANG_WARN_DIRECT_OBJC_ISA_USAGE = YES_ERROR;
				CLANG_WARN_DOCUMENTATION_COMMENTS = YES;
				CLANG_WARN_EMPTY_BODY = YES;
				CLANG_WARN_ENUM_CONVERSION = YES;
				CLANG_WARN_INFINITE_RECURSION = YES;
				CLANG_WARN_INT_CONVERSION = YES;
				CLANG_WARN_NON_LITERAL_NULL_CONVERSION = YES;
				CLANG_WARN_OBJC_IMPLICIT_RETAIN_SELF = YES;
				CLANG_WARN_OBJC_LITERAL_CONVERSION = YES;
				CLANG_WARN_OBJC_ROOT_CLASS = YES_ERROR;
				CLANG_WARN_QUOTED_INCLUDE_IN_FRAMEWORK_HEADER = YES;
				CLANG_WARN_RANGE_LOOP_ANALYSIS = YES;
				CLANG_WARN_STRICT_PROTOTYPES = YES;
				CLANG_WARN_SUSPICIOUS_MOVE = YES;
				CLANG_WARN_UNGUARDED_AVAILABILITY = YES_AGGRESSIVE;
				CLANG_WARN_UNREACHABLE_CODE = YES;
				CLANG_WARN__DUPLICATE_METHOD_MATCH = YES;
				COPY_PHASE_STRIP = NO;
				DEBUG_INFORMATION_FORMAT = "dwarf-with-dsym";
				ENABLE_NS_ASSERTIONS = NO;
				ENABLE_STRICT_OBJC_MSGSEND = YES;
				ENABLE_USER_SCRIPT_SANDBOXING = YES;
				GCC_C_LANGUAGE_STANDARD = gnu17;
				GCC_NO_COMMON_BLOCKS = YES;
				GCC_WARN_64_TO_32_BIT_CONVERSION = YES;
				GCC_WARN_ABOUT_RETURN_TYPE = YES_ERROR;
				GCC_WARN_UNDECLARED_SELECTOR = YES;
				GCC_WARN_UNINITIALIZED_AUTOS = YES_AGGRESSIVE;
				GCC_WARN_UNUSED_FUNCTION = YES;
				GCC_WARN_UNUSED_VARIABLE = YES;
				IPHONEOS_DEPLOYMENT_TARGET = 17.5;
				LOCALIZATION_PREFERS_STRING_CATALOGS = YES;
				MTL_ENABLE_DEBUG_INFO = NO;
				MTL_FAST_MATH = YES;
				SDKROOT = iphoneos;
				SWIFT_COMPILATION_MODE = wholemodule;
				VALIDATE_PRODUCT = YES;
			};
			name = Release;
		};
		C78AE9F42FA3C12F00948EB1 /* Debug */ = {
			isa = XCBuildConfiguration;
			buildSettings = {
				ASSETCATALOG_COMPILER_APPICON_NAME = AppIcon;
				ASSETCATALOG_COMPILER_GLOBAL_ACCENT_COLOR_NAME = AccentColor;
				CODE_SIGN_STYLE = Automatic;
				CURRENT_PROJECT_VERSION = 1;
				DEVELOPMENT_TEAM = 7J58VMDCUU;
				GENERATE_INFOPLIST_FILE = YES;
				INFOPLIST_FILE = "The-Cat-App/Info.plist";
				INFOPLIST_KEY_UIApplicationSupportsIndirectInputEvents = YES;
				INFOPLIST_KEY_UILaunchStoryboardName = LaunchScreen;
				INFOPLIST_KEY_UIMainStoryboardFile = Main;
				INFOPLIST_KEY_UISupportedInterfaceOrientations_iPad = "UIInterfaceOrientationPortrait UIInterfaceOrientationPortraitUpsideDown UIInterfaceOrientationLandscapeLeft UIInterfaceOrientationLandscapeRight";
				INFOPLIST_KEY_UISupportedInterfaceOrientations_iPhone = "UIInterfaceOrientationPortrait UIInterfaceOrientationLandscapeLeft UIInterfaceOrientationLandscapeRight";
				LD_RUNPATH_SEARCH_PATHS = (
					"$(inherited)",
					"@executable_path/Frameworks",
				);
				MARKETING_VERSION = 1.0;
				PRODUCT_BUNDLE_IDENTIFIER = "com.sgpv.The-Cat-App";
				PRODUCT_NAME = "$(TARGET_NAME)";
				SWIFT_EMIT_LOC_STRINGS = YES;
				SWIFT_VERSION = 5.0;
				TARGETED_DEVICE_FAMILY = "1,2";
			};
			name = Debug;
		};
		C78AE9F52FA3C12F00948EB1 /* Release */ = {
			isa = XCBuildConfiguration;
			buildSettings = {
				ASSETCATALOG_COMPILER_APPICON_NAME = AppIcon;
				ASSETCATALOG_COMPILER_GLOBAL_ACCENT_COLOR_NAME = AccentColor;
				CODE_SIGN_STYLE = Automatic;
				CURRENT_PROJECT_VERSION = 1;
				DEVELOPMENT_TEAM = 7J58VMDCUU;
				GENERATE_INFOPLIST_FILE = YES;
				INFOPLIST_FILE = "The-Cat-App/Info.plist";
				INFOPLIST_KEY_UIApplicationSupportsIndirectInputEvents = YES;
				INFOPLIST_KEY_UILaunchStoryboardName = LaunchScreen;
				INFOPLIST_KEY_UIMainStoryboardFile = Main;
				INFOPLIST_KEY_UISupportedInterfaceOrientations_iPad = "UIInterfaceOrientationPortrait UIInterfaceOrientationPortraitUpsideDown UIInterfaceOrientationLandscapeLeft UIInterfaceOrientationLandscapeRight";
				INFOPLIST_KEY_UISupportedInterfaceOrientations_iPhone = "UIInterfaceOrientationPortrait UIInterfaceOrientationLandscapeLeft UIInterfaceOrientationLandscapeRight";
				LD_RUNPATH_SEARCH_PATHS = (
					"$(inherited)",
					"@executable_path/Frameworks",
				);
				MARKETING_VERSION = 1.0;
				PRODUCT_BUNDLE_IDENTIFIER = "com.sgpv.The-Cat-App";
				PRODUCT_NAME = "$(TARGET_NAME)";
				SWIFT_EMIT_LOC_STRINGS = YES;
				SWIFT_VERSION = 5.0;
				TARGETED_DEVICE_FAMILY = "1,2";
			};
			name = Release;
		};
/* End XCBuildConfiguration section */

/* Begin XCConfigurationList section */
		C78AE9DA2FA3C12D00948EB1 /* Build configuration list for PBXProject "The-Cat-App" */ = {
			isa = XCConfigurationList;
			buildConfigurations = (
				C78AE9F12FA3C12F00948EB1 /* Debug */,
				C78AE9F22FA3C12F00948EB1 /* Release */,
			);
			defaultConfigurationIsVisible = 0;
			defaultConfigurationName = Release;
		};
		C78AE9F32FA3C12F00948EB1 /* Build configuration list for PBXNativeTarget "The-Cat-App" */ = {
			isa = XCConfigurationList;
			buildConfigurations = (
				C78AE9F42FA3C12F00948EB1 /* Debug */,
				C78AE9F52FA3C12F00948EB1 /* Release */,
			);
			defaultConfigurationIsVisible = 0;
			defaultConfigurationName = Release;
		};
/* End XCConfigurationList section */
	};
	rootObject = C78AE9D72FA3C12D00948EB1 /* Project object */;
}
